dependencies:
- name: alfresco-common
  repository: https://alfresco.github.io/alfresco-helm-charts/
  version: 2.0.0
- name: activemq
  repository: https://alfresco.github.io/alfresco-helm-charts/
  version: 3.0.1
digest: sha256:059f7c41f5c44851b1157d40b13a84f07b7194e3d0eb5c216efe3d064a6244fc
generated: "2023-05-23T14:30:09.957156+05:30"
