dependencies:
- name: alfresco-common
  repository: https://alfresco.github.io/alfresco-helm-charts/
  version: 2.0.0
- name: activemq
  repository: https://alfresco.github.io/alfresco-helm-charts/
  version: 3.2.0
digest: sha256:4fa731e171146cc786fd69dd5c8739c6163a9feb69719d4c127d6a01e8e61145
generated: "2023-08-04T20:59:51.59564467Z"
