dependencies:
- name: common
  repository: https://raw.githubusercontent.com/bitnami/charts/archive-full-index/bitnami/
  version: 1.17.1
- name: alfresco-common
  repository: https://alfresco.github.io/alfresco-helm-charts/
  version: 2.0.0
- name: postgresql
  repository: oci://registry-1.docker.io/bitnamicharts
  version: 12.2.2
digest: sha256:26e93bfa2183e0a69a90fd450156c1a6caa568a744e963cc57931e56a089da0a
generated: "2023-03-10T14:54:38.386651+01:00"
