dependencies:
- name: alfresco-common
  repository: https://alfresco.github.io/alfresco-helm-charts/
  version: 4.0.0
- name: postgresql
  repository: oci://registry-1.docker.io/bitnamicharts
  version: 12.5.6
digest: sha256:d3ee35310999abf63c89fdd4980ffbeb0f2de6fbf4188b3a477a076714ff4831
generated: "2025-01-29T10:58:58.029401667Z"
