dependencies:
- name: alfresco-common
  repository: https://alfresco.github.io/alfresco-helm-charts/
  version: 3.0.0-alpha.2
- name: postgresql
  repository: oci://registry-1.docker.io/bitnamicharts
  version: 12.5.6
digest: sha256:8b29bc4958ca18fce2e9b0fe2d8d21b4628cb3e1c13f90226378fe6ac3fbd9ff
generated: "2023-09-25T15:51:04.023194318Z"
