dependencies:
- name: alfresco-common
  repository: https://alfresco.github.io/alfresco-helm-charts/
  version: 2.1.0
- name: postgresql
  repository: oci://registry-1.docker.io/bitnamicharts
  version: 12.5.6
digest: sha256:043a1323627d74eed9c3675ebe4c704df37d01011d07fb704fa24f1a81703c1b
generated: "2023-09-07T16:17:44.513368+02:00"
