dependencies:
- name: alfresco-common
  repository: https://alfresco.github.io/alfresco-helm-charts/
  version: 3.1.4
- name: postgresql
  repository: oci://registry-1.docker.io/bitnamicharts
  version: 12.8.5
digest: sha256:070010776f6ae706ff564a77264f09e6ced3caf36b7355ec564c822615923d69
generated: "2024-11-28T13:40:41.17192646Z"
