dependencies:
- name: alfresco-common
  repository: https://alfresco.github.io/alfresco-helm-charts/
  version: 3.1.3
- name: postgresql
  repository: oci://registry-1.docker.io/bitnamicharts
  version: 12.8.5
digest: sha256:d1cd8ace32813475a37b795b22f4ceca712d1db925ee3d963e4f6bd9650fdd15
generated: "2024-07-10T14:14:04.851271365Z"
