dependencies:
- name: alfresco-common
  repository: https://alfresco.github.io/alfresco-helm-charts/
  version: 2.1.0
- name: alfresco-ai-transformer
  repository: https://alfresco.github.io/alfresco-helm-charts/
  version: 0.2.0
- name: activemq
  repository: https://alfresco.github.io/alfresco-helm-charts/
  version: 3.2.0
digest: sha256:cdf91703a2a232fb81f5e9b4e6b1104b6522b8ae26ad73875eec48e38d45ebbb
generated: "2024-01-02T11:36:41.158805986Z"
