dependencies:
- name: alfresco-common
  repository: https://alfresco.github.io/alfresco-helm-charts/
  version: 3.1.4
- name: activemq
  repository: https://alfresco.github.io/alfresco-helm-charts/
  version: 3.5.5
digest: sha256:e49e4a2d158d25c9d24a2a02a13d11b2ae51fb7cab328f621f005d9ade95a2a0
generated: "2024-09-30T10:04:45.887094401Z"
