dependencies:
- name: alfresco-common
  repository: https://alfresco.github.io/alfresco-helm-charts/
  version: 4.0.0
- name: activemq
  repository: https://alfresco.github.io/alfresco-helm-charts/
  version: 3.6.0
digest: sha256:35ccfcb6f9e07f4a38a9ba5ca710ad04bc8389c4e0799eca48e5a42c86b14b3d
generated: "2025-01-29T10:59:06.629007833Z"
