dependencies:
- name: alfresco-insight-zeppelin
  repository: ""
  version: 4.7.2
- name: alfresco-common
  repository: https://alfresco.github.io/alfresco-helm-charts/
  version: 5.1.0
digest: sha256:78ca5bf3395b27fa2e92b5c64159c26825c09e5e174b0147f1bd4b62878afcb2
generated: "2026-09-03T08:15:49.251413075Z"
