dependencies:
- name: alfresco-common
  repository: https://alfresco.github.io/alfresco-helm-charts/
  version: 5.0.0
- name: activemq
  repository: https://alfresco.github.io/alfresco-helm-charts/
  version: 3.8.0
- name: postgresql
  repository: oci://registry-1.docker.io/bitnamicharts
  version: 12.5.6
digest: sha256:64df67ab6bc4693f58e7ca6e4b1e090ddbf99c771ab9559ba797d56faa935459
generated: "2026-03-12T14:20:58.994433385Z"
