dependencies:
- name: alfresco-common
  repository: https://alfresco.github.io/alfresco-helm-charts/
  version: 4.0.0
- name: activemq
  repository: https://alfresco.github.io/alfresco-helm-charts/
  version: 3.7.0
- name: postgresql
  repository: oci://registry-1.docker.io/bitnamicharts
  version: 12.5.6
digest: sha256:099e3bd9b3ffc26a3841b75671ce674e52091a64bf50f97bc0fca256c4dda194
generated: "2026-01-29T13:42:14.571694977Z"
