dependencies:
- name: alfresco-common
  repository: https://alfresco.github.io/alfresco-helm-charts/
  version: 2.0.0
- name: activemq
  repository: https://alfresco.github.io/alfresco-helm-charts/
  version: 3.2.0
- name: elasticsearch
  repository: https://helm.elastic.co
  version: 8.5.1
digest: sha256:1c5be29a85e25ec8622f356f5576c899cc4df5f91b9b56bfd5824e3d0ee3cff3
generated: "2023-08-04T21:00:17.915984445Z"
