dependencies:
- name: alfresco-common
  repository: https://alfresco.github.io/alfresco-helm-charts/
  version: 4.0.0
- name: activemq
  repository: https://alfresco.github.io/alfresco-helm-charts/
  version: 3.7.0
- name: elasticsearch
  repository: oci://registry-1.docker.io/bitnamicharts
  version: 21.4.1
digest: sha256:44405408605620e5ea99611b13bee70501019985d3331b8dc0da280e31f1d20a
generated: "2026-01-29T13:42:12.968702392Z"
