dependencies:
- name: alfresco-common
  repository: https://alfresco.github.io/alfresco-helm-charts/
  version: 4.0.0
- name: activemq
  repository: https://alfresco.github.io/alfresco-helm-charts/
  version: 3.6.2
- name: elasticsearch
  repository: oci://registry-1.docker.io/bitnamicharts
  version: 21.4.1
digest: sha256:7185b339a31121b1b7dca7515bb27aac98c380e0259bc31e92b54636a8de9566
generated: "2025-05-09T11:12:53.186806612Z"
